// !$*UTF8*$!
{
	archiveVersion = 1;
	classes = {
	};
	objectVersion = 56;
	objects = {

/* Begin PBXBuildFile section */
		2FA53DB22907BDF300BFB3E5 /* puruApp.swift in Sources */ = {isa = PBXBuildFile; fileRef = 2FA53DB12907BDF300BFB3E5 /* puruApp.swift */; };
		2FA53DB92907BDF500BFB3E5 /* Preview Assets.xcassets in Resources */ = {isa = PBXBuildFile; fileRef = 2FA53DB82907BDF500BFB3E5 /* Preview Assets.xcassets */; };
		2FA53E242907BE0E00BFB3E5 /* narasi01.mp3 in Resources */ = {isa = PBXBuildFile; fileRef = 2FA53DC12907BE0C00BFB3E5 /* narasi01.mp3 */; };
		2FA53E252907BE0E00BFB3E5 /* sadGusde.mp3 in Resources */ = {isa = PBXBuildFile; fileRef = 2FA53DC32907BE0C00BFB3E5 /* sadGusde.mp3 */; };
		2FA53E262907BE0E00BFB3E5 /* StorySummaryView.swift in Sources */ = {isa = PBXBuildFile; fileRef = 2FA53DC62907BE0D00BFB3E5 /* StorySummaryView.swift */; };
		2FA53E272907BE0E00BFB3E5 /* TutorialView.swift in Sources */ = {isa = PBXBuildFile; fileRef = 2FA53DC82907BE0D00BFB3E5 /* TutorialView.swift */; };
		2FA53E282907BE0E00BFB3E5 /* StoryListView.swift in Sources */ = {isa = PBXBuildFile; fileRef = 2FA53DCA2907BE0D00BFB3E5 /* StoryListView.swift */; };
		2FA53E292907BE0E00BFB3E5 /* EndingView.swift in Sources */ = {isa = PBXBuildFile; fileRef = 2FA53DCC2907BE0D00BFB3E5 /* EndingView.swift */; };
		2FA53E2A2907BE0E00BFB3E5 /* MainMenuView.swift in Sources */ = {isa = PBXBuildFile; fileRef = 2FA53DCE2907BE0D00BFB3E5 /* MainMenuView.swift */; };
		2FA53E2B2907BE0E00BFB3E5 /* StoryView.swift in Sources */ = {isa = PBXBuildFile; fileRef = 2FA53DD02907BE0D00BFB3E5 /* StoryView.swift */; };
		2FA53E2C2907BE0E00BFB3E5 /* HelpView.swift in Sources */ = {isa = PBXBuildFile; fileRef = 2FA53DD22907BE0D00BFB3E5 /* HelpView.swift */; };
		2FA53E2D2907BE0E00BFB3E5 /* hand.zoom.gif in Resources */ = {isa = PBXBuildFile; fileRef = 2FA53DD42907BE0D00BFB3E5 /* hand.zoom.gif */; };
		2FA53E2E2907BE0E00BFB3E5 /* smallTree.usdz in Resources */ = {isa = PBXBuildFile; fileRef = 2FA53DD52907BE0D00BFB3E5 /* smallTree.usdz */; };
		2FA53E2F2907BE0E00BFB3E5 /* simple-trees-collection.usdc in Resources */ = {isa = PBXBuildFile; fileRef = 2FA53DD62907BE0D00BFB3E5 /* simple-trees-collection.usdc */; };
		2FA53E302907BE0E00BFB3E5 /* hand.swipe.up.down.gif in Resources */ = {isa = PBXBuildFile; fileRef = 2FA53DD72907BE0D00BFB3E5 /* hand.swipe.up.down.gif */; };
		2FA53E312907BE0E00BFB3E5 /* 3DAssetS1.scn in Resources */ = {isa = PBXBuildFile; fileRef = 2FA53DD82907BE0D00BFB3E5 /* 3DAssetS1.scn */; };
		2FA53E322907BE0E00BFB3E5 /* Rock Texture.jpeg in Resources */ = {isa = PBXBuildFile; fileRef = 2FA53DD92907BE0D00BFB3E5 /* Rock Texture.jpeg */; };
		2FA53E332907BE0E00BFB3E5 /* hand.tap.gif in Resources */ = {isa = PBXBuildFile; fileRef = 2FA53DDA2907BE0D00BFB3E5 /* hand.tap.gif */; };
		2FA53E342907BE0E00BFB3E5 /* stars.jpg in Resources */ = {isa = PBXBuildFile; fileRef = 2FA53DDB2907BE0D00BFB3E5 /* stars.jpg */; };
		2FA53E352907BE0E00BFB3E5 /* hand.swipe.left.right.gif in Resources */ = {isa = PBXBuildFile; fileRef = 2FA53DDC2907BE0D00BFB3E5 /* hand.swipe.left.right.gif */; };
		2FA53E362907BE0E00BFB3E5 /* JosefinSans.ttf in Resources */ = {isa = PBXBuildFile; fileRef = 2FA53DDF2907BE0D00BFB3E5 /* JosefinSans.ttf */; };
		2FA53E372907BE0E00BFB3E5 /* Rubik.ttf in Resources */ = {isa = PBXBuildFile; fileRef = 2FA53DE02907BE0D00BFB3E5 /* Rubik.ttf */; };
		2FA53E382907BE0E00BFB3E5 /* Random.swift in Sources */ = {isa = PBXBuildFile; fileRef = 2FA53DE22907BE0D00BFB3E5 /* Random.swift */; };
		2FA53E392907BE0E00BFB3E5 /* Binding.swift in Sources */ = {isa = PBXBuildFile; fileRef = 2FA53DE32907BE0D00BFB3E5 /* Binding.swift */; };
		2FA53E3A2907BE0E00BFB3E5 /* GifView.swift in Sources */ = {isa = PBXBuildFile; fileRef = 2FA53DE42907BE0D00BFB3E5 /* GifView.swift */; };
		2FA53E3B2907BE0E00BFB3E5 /* LiveData.swift in Sources */ = {isa = PBXBuildFile; fileRef = 2FA53DE52907BE0D00BFB3E5 /* LiveData.swift */; };
		2FA53E3C2907BE0E00BFB3E5 /* StoryState.swift in Sources */ = {isa = PBXBuildFile; fileRef = 2FA53DE72907BE0D00BFB3E5 /* StoryState.swift */; };
		2FA53E3D2907BE0E00BFB3E5 /* GestureType.swift in Sources */ = {isa = PBXBuildFile; fileRef = 2FA53DE82907BE0D00BFB3E5 /* GestureType.swift */; };
		2FA53E3E2907BE0E00BFB3E5 /* URL.swift in Sources */ = {isa = PBXBuildFile; fileRef = 2FA53DE92907BE0D00BFB3E5 /* URL.swift */; };
		2FA53E3F2907BE0E00BFB3E5 /* ObjectType.swift in Sources */ = {isa = PBXBuildFile; fileRef = 2FA53DEA2907BE0D00BFB3E5 /* ObjectType.swift */; };
		2FA53E402907BE0E00BFB3E5 /* GameViewController.swift in Sources */ = {isa = PBXBuildFile; fileRef = 2FA53DEB2907BE0D00BFB3E5 /* GameViewController.swift */; };
		2FA53E422907BE0E00BFB3E5 /* Instruction.swift in Sources */ = {isa = PBXBuildFile; fileRef = 2FA53DEE2907BE0D00BFB3E5 /* Instruction.swift */; };
		2FA53E432907BE0E00BFB3E5 /* ObjectScene.swift in Sources */ = {isa = PBXBuildFile; fileRef = 2FA53DEF2907BE0D00BFB3E5 /* ObjectScene.swift */; };
		2FA53E442907BE0E00BFB3E5 /* StoryData.swift in Sources */ = {isa = PBXBuildFile; fileRef = 2FA53DF02907BE0D00BFB3E5 /* StoryData.swift */; };
		2FA53E452907BE0E00BFB3E5 /* ContentView.swift in Sources */ = {isa = PBXBuildFile; fileRef = 2FA53DF12907BE0D00BFB3E5 /* ContentView.swift */; };
		2FA53E462907BE0E00BFB3E5 /* Constant.swift in Sources */ = {isa = PBXBuildFile; fileRef = 2FA53DF32907BE0D00BFB3E5 /* Constant.swift */; };
		2FA53E472907BE0E00BFB3E5 /* State.swift in Sources */ = {isa = PBXBuildFile; fileRef = 2FA53DF42907BE0D00BFB3E5 /* State.swift */; };
		2FA53E482907BE0E00BFB3E5 /* Scheme.swift in Sources */ = {isa = PBXBuildFile; fileRef = 2FA53DF52907BE0D00BFB3E5 /* Scheme.swift */; };
		2FA53E492907BE0E00BFB3E5 /* Screen.swift in Sources */ = {isa = PBXBuildFile; fileRef = 2FA53DF62907BE0D00BFB3E5 /* Screen.swift */; };
		2FA53E4A2907BE0E00BFB3E5 /* String.swift in Sources */ = {isa = PBXBuildFile; fileRef = 2FA53DF72907BE0D00BFB3E5 /* String.swift */; };
		2FA53E4B2907BE0E00BFB3E5 /* Colors.swift in Sources */ = {isa = PBXBuildFile; fileRef = 2FA53DF82907BE0D00BFB3E5 /* Colors.swift */; };
		2FA53E4C2907BE0E00BFB3E5 /* Font.swift in Sources */ = {isa = PBXBuildFile; fileRef = 2FA53DFA2907BE0D00BFB3E5 /* Font.swift */; };
		2FA53E4D2907BE0E00BFB3E5 /* Color.swift in Sources */ = {isa = PBXBuildFile; fileRef = 2FA53DFB2907BE0D00BFB3E5 /* Color.swift */; };
		2FA53E4E2907BE0E00BFB3E5 /* Radio.swift in Sources */ = {isa = PBXBuildFile; fileRef = 2FA53DFF2907BE0D00BFB3E5 /* Radio.swift */; };
		2FA53E4F2907BE0E00BFB3E5 /* Card.swift in Sources */ = {isa = PBXBuildFile; fileRef = 2FA53E012907BE0D00BFB3E5 /* Card.swift */; };
		2FA53E502907BE0E00BFB3E5 /* Loading.swift in Sources */ = {isa = PBXBuildFile; fileRef = 2FA53E032907BE0D00BFB3E5 /* Loading.swift */; };
		2FA53E512907BE0E00BFB3E5 /* TextField.swift in Sources */ = {isa = PBXBuildFile; fileRef = 2FA53E052907BE0D00BFB3E5 /* TextField.swift */; };
		2FA53E522907BE0E00BFB3E5 /* NumberField.swift in Sources */ = {isa = PBXBuildFile; fileRef = 2FA53E062907BE0D00BFB3E5 /* NumberField.swift */; };
		2FA53E532907BE0E00BFB3E5 /* AvatarImage.swift in Sources */ = {isa = PBXBuildFile; fileRef = 2FA53E092907BE0D00BFB3E5 /* AvatarImage.swift */; };
		2FA53E542907BE0E00BFB3E5 /* AsyncImage.swift in Sources */ = {isa = PBXBuildFile; fileRef = 2FA53E0B2907BE0D00BFB3E5 /* AsyncImage.swift */; };
		2FA53E552907BE0E00BFB3E5 /* Image.swift in Sources */ = {isa = PBXBuildFile; fileRef = 2FA53E0D2907BE0D00BFB3E5 /* Image.swift */; };
		2FA53E562907BE0E00BFB3E5 /* CircleImage.swift in Sources */ = {isa = PBXBuildFile; fileRef = 2FA53E0F2907BE0D00BFB3E5 /* CircleImage.swift */; };
		2FA53E572907BE0E00BFB3E5 /* ElevatedButton.swift in Sources */ = {isa = PBXBuildFile; fileRef = 2FA53E112907BE0D00BFB3E5 /* ElevatedButton.swift */; };
		2FA53E582907BE0E00BFB3E5 /* OutlinedCircleButton.swift in Sources */ = {isa = PBXBuildFile; fileRef = 2FA53E122907BE0D00BFB3E5 /* OutlinedCircleButton.swift */; };
		2FA53E592907BE0E00BFB3E5 /* OutlinedButton.swift in Sources */ = {isa = PBXBuildFile; fileRef = 2FA53E132907BE0D00BFB3E5 /* OutlinedButton.swift */; };
		2FA53E5A2907BE0E00BFB3E5 /* LinkButton.swift in Sources */ = {isa = PBXBuildFile; fileRef = 2FA53E142907BE0D00BFB3E5 /* LinkButton.swift */; };
		2FA53E5B2907BE0E00BFB3E5 /* ImageButton.swift in Sources */ = {isa = PBXBuildFile; fileRef = 2FA53E152907BE0D00BFB3E5 /* ImageButton.swift */; };
		2FA53E5C2907BE0E00BFB3E5 /* CircleButton.swift in Sources */ = {isa = PBXBuildFile; fileRef = 2FA53E162907BE0D00BFB3E5 /* CircleButton.swift */; };
		2FA53E5D2907BE0E00BFB3E5 /* TextButton.swift in Sources */ = {isa = PBXBuildFile; fileRef = 2FA53E172907BE0D00BFB3E5 /* TextButton.swift */; };
		2FA53E5E2907BE0E00BFB3E5 /* Link.swift in Sources */ = {isa = PBXBuildFile; fileRef = 2FA53E192907BE0D00BFB3E5 /* Link.swift */; };
		2FA53E5F2907BE0E00BFB3E5 /* ElevatedLink.swift in Sources */ = {isa = PBXBuildFile; fileRef = 2FA53E1A2907BE0D00BFB3E5 /* ElevatedLink.swift */; };
		2FA53E602907BE0E00BFB3E5 /* Divider.swift in Sources */ = {isa = PBXBuildFile; fileRef = 2FA53E1C2907BE0D00BFB3E5 /* Divider.swift */; };
		2FA53E612907BE0E00BFB3E5 /* Headline1.swift in Sources */ = {isa = PBXBuildFile; fileRef = 2FA53E1E2907BE0D00BFB3E5 /* Headline1.swift */; };
		2FA53E622907BE0E00BFB3E5 /* JosefineSans.swift in Sources */ = {isa = PBXBuildFile; fileRef = 2FA53E1F2907BE0D00BFB3E5 /* JosefineSans.swift */; };
		2FA53E632907BE0E00BFB3E5 /* Rubik.swift in Sources */ = {isa = PBXBuildFile; fileRef = 2FA53E202907BE0D00BFB3E5 /* Rubik.swift */; };
		2FA53E642907BE0E00BFB3E5 /* ProgressBar.swift in Sources */ = {isa = PBXBuildFile; fileRef = 2FA53E222907BE0D00BFB3E5 /* ProgressBar.swift */; };
		2FA53E672907BE1900BFB3E5 /* Assets.xcassets in Resources */ = {isa = PBXBuildFile; fileRef = 2FA53E652907BE1900BFB3E5 /* Assets.xcassets */; };
		2FA53E6B2907BE9300BFB3E5 /* FLAnimatedImage in Frameworks */ = {isa = PBXBuildFile; productRef = 2FA53E6A2907BE9300BFB3E5 /* FLAnimatedImage */; };
/* End PBXBuildFile section */

/* Begin PBXFileReference section */
		2FA53DAE2907BDF300BFB3E5 /* puru.app */ = {isa = PBXFileReference; explicitFileType = wrapper.application; includeInIndex = 0; path = puru.app; sourceTree = BUILT_PRODUCTS_DIR; };
		2FA53DB12907BDF300BFB3E5 /* puruApp.swift */ = {isa = PBXFileReference; lastKnownFileType = sourcecode.swift; path = puruApp.swift; sourceTree = "<group>"; };
		2FA53DB82907BDF500BFB3E5 /* Preview Assets.xcassets */ = {isa = PBXFileReference; lastKnownFileType = folder.assetcatalog; path = "Preview Assets.xcassets"; sourceTree = "<group>"; };
		2FA53DC12907BE0C00BFB3E5 /* narasi01.mp3 */ = {isa = PBXFileReference; lastKnownFileType = audio.mp3; path = narasi01.mp3; sourceTree = "<group>"; };
		2FA53DC32907BE0C00BFB3E5 /* sadGusde.mp3 */ = {isa = PBXFileReference; lastKnownFileType = audio.mp3; path = sadGusde.mp3; sourceTree = "<group>"; };
		2FA53DC62907BE0D00BFB3E5 /* StorySummaryView.swift */ = {isa = PBXFileReference; fileEncoding = 4; lastKnownFileType = sourcecode.swift; path = StorySummaryView.swift; sourceTree = "<group>"; };
		2FA53DC82907BE0D00BFB3E5 /* TutorialView.swift */ = {isa = PBXFileReference; fileEncoding = 4; lastKnownFileType = sourcecode.swift; path = TutorialView.swift; sourceTree = "<group>"; };
		2FA53DCA2907BE0D00BFB3E5 /* StoryListView.swift */ = {isa = PBXFileReference; fileEncoding = 4; lastKnownFileType = sourcecode.swift; path = StoryListView.swift; sourceTree = "<group>"; };
		2FA53DCC2907BE0D00BFB3E5 /* EndingView.swift */ = {isa = PBXFileReference; fileEncoding = 4; lastKnownFileType = sourcecode.swift; path = EndingView.swift; sourceTree = "<group>"; };
		2FA53DCE2907BE0D00BFB3E5 /* MainMenuView.swift */ = {isa = PBXFileReference; fileEncoding = 4; lastKnownFileType = sourcecode.swift; path = MainMenuView.swift; sourceTree = "<group>"; };
		2FA53DD02907BE0D00BFB3E5 /* StoryView.swift */ = {isa = PBXFileReference; fileEncoding = 4; lastKnownFileType = sourcecode.swift; path = StoryView.swift; sourceTree = "<group>"; };
		2FA53DD22907BE0D00BFB3E5 /* HelpView.swift */ = {isa = PBXFileReference; fileEncoding = 4; lastKnownFileType = sourcecode.swift; path = HelpView.swift; sourceTree = "<group>"; };
		2FA53DD42907BE0D00BFB3E5 /* hand.zoom.gif */ = {isa = PBXFileReference; lastKnownFileType = image.gif; path = hand.zoom.gif; sourceTree = "<group>"; };
		2FA53DD52907BE0D00BFB3E5 /* smallTree.usdz */ = {isa = PBXFileReference; lastKnownFileType = file.usdz; path = smallTree.usdz; sourceTree = "<group>"; };
		2FA53DD62907BE0D00BFB3E5 /* simple-trees-collection.usdc */ = {isa = PBXFileReference; lastKnownFileType = file; path = "simple-trees-collection.usdc"; sourceTree = "<group>"; };
		2FA53DD72907BE0D00BFB3E5 /* hand.swipe.up.down.gif */ = {isa = PBXFileReference; lastKnownFileType = image.gif; path = hand.swipe.up.down.gif; sourceTree = "<group>"; };
		2FA53DD82907BE0D00BFB3E5 /* 3DAssetS1.scn */ = {isa = PBXFileReference; lastKnownFileType = file.bplist; path = 3DAssetS1.scn; sourceTree = "<group>"; };
		2FA53DD92907BE0D00BFB3E5 /* Rock Texture.jpeg */ = {isa = PBXFileReference; lastKnownFileType = image.jpeg; path = "Rock Texture.jpeg"; sourceTree = "<group>"; };
		2FA53DDA2907BE0D00BFB3E5 /* hand.tap.gif */ = {isa = PBXFileReference; lastKnownFileType = image.gif; path = hand.tap.gif; sourceTree = "<group>"; };
		2FA53DDB2907BE0D00BFB3E5 /* stars.jpg */ = {isa = PBXFileReference; lastKnownFileType = image.jpeg; path = stars.jpg; sourceTree = "<group>"; };
		2FA53DDC2907BE0D00BFB3E5 /* hand.swipe.left.right.gif */ = {isa = PBXFileReference; lastKnownFileType = image.gif; path = hand.swipe.left.right.gif; sourceTree = "<group>"; };
		2FA53DDF2907BE0D00BFB3E5 /* JosefinSans.ttf */ = {isa = PBXFileReference; lastKnownFileType = file; path = JosefinSans.ttf; sourceTree = "<group>"; };
		2FA53DE02907BE0D00BFB3E5 /* Rubik.ttf */ = {isa = PBXFileReference; lastKnownFileType = file; path = Rubik.ttf; sourceTree = "<group>"; };
		2FA53DE22907BE0D00BFB3E5 /* Random.swift */ = {isa = PBXFileReference; fileEncoding = 4; lastKnownFileType = sourcecode.swift; path = Random.swift; sourceTree = "<group>"; };
		2FA53DE32907BE0D00BFB3E5 /* Binding.swift */ = {isa = PBXFileReference; fileEncoding = 4; lastKnownFileType = sourcecode.swift; path = Binding.swift; sourceTree = "<group>"; };
		2FA53DE42907BE0D00BFB3E5 /* GifView.swift */ = {isa = PBXFileReference; fileEncoding = 4; lastKnownFileType = sourcecode.swift; path = GifView.swift; sourceTree = "<group>"; };
		2FA53DE52907BE0D00BFB3E5 /* LiveData.swift */ = {isa = PBXFileReference; fileEncoding = 4; lastKnownFileType = sourcecode.swift; path = LiveData.swift; sourceTree = "<group>"; };
		2FA53DE72907BE0D00BFB3E5 /* StoryState.swift */ = {isa = PBXFileReference; fileEncoding = 4; lastKnownFileType = sourcecode.swift; path = StoryState.swift; sourceTree = "<group>"; };
		2FA53DE82907BE0D00BFB3E5 /* GestureType.swift */ = {isa = PBXFileReference; fileEncoding = 4; lastKnownFileType = sourcecode.swift; path = GestureType.swift; sourceTree = "<group>"; };
		2FA53DE92907BE0D00BFB3E5 /* URL.swift */ = {isa = PBXFileReference; fileEncoding = 4; lastKnownFileType = sourcecode.swift; path = URL.swift; sourceTree = "<group>"; };
		2FA53DEA2907BE0D00BFB3E5 /* ObjectType.swift */ = {isa = PBXFileReference; fileEncoding = 4; lastKnownFileType = sourcecode.swift; path = ObjectType.swift; sourceTree = "<group>"; };
		2FA53DEB2907BE0D00BFB3E5 /* GameViewController.swift */ = {isa = PBXFileReference; fileEncoding = 4; lastKnownFileType = sourcecode.swift; path = GameViewController.swift; sourceTree = "<group>"; };
		2FA53DEE2907BE0D00BFB3E5 /* Instruction.swift */ = {isa = PBXFileReference; fileEncoding = 4; lastKnownFileType = sourcecode.swift; path = Instruction.swift; sourceTree = "<group>"; };
		2FA53DEF2907BE0D00BFB3E5 /* ObjectScene.swift */ = {isa = PBXFileReference; fileEncoding = 4; lastKnownFileType = sourcecode.swift; path = ObjectScene.swift; sourceTree = "<group>"; };
		2FA53DF02907BE0D00BFB3E5 /* StoryData.swift */ = {isa = PBXFileReference; fileEncoding = 4; lastKnownFileType = sourcecode.swift; path = StoryData.swift; sourceTree = "<group>"; };
		2FA53DF12907BE0D00BFB3E5 /* ContentView.swift */ = {isa = PBXFileReference; fileEncoding = 4; lastKnownFileType = sourcecode.swift; name = ContentView.swift; path = ../../Pururu/Pururu/ContentView.swift; sourceTree = "<group>"; };
		2FA53DF32907BE0D00BFB3E5 /* Constant.swift */ = {isa = PBXFileReference; fileEncoding = 4; lastKnownFileType = sourcecode.swift; path = Constant.swift; sourceTree = "<group>"; };
		2FA53DF42907BE0D00BFB3E5 /* State.swift */ = {isa = PBXFileReference; fileEncoding = 4; lastKnownFileType = sourcecode.swift; path = State.swift; sourceTree = "<group>"; };
		2FA53DF52907BE0D00BFB3E5 /* Scheme.swift */ = {isa = PBXFileReference; fileEncoding = 4; lastKnownFileType = sourcecode.swift; path = Scheme.swift; sourceTree = "<group>"; };
		2FA53DF62907BE0D00BFB3E5 /* Screen.swift */ = {isa = PBXFileReference; fileEncoding = 4; lastKnownFileType = sourcecode.swift; path = Screen.swift; sourceTree = "<group>"; };
		2FA53DF72907BE0D00BFB3E5 /* String.swift */ = {isa = PBXFileReference; fileEncoding = 4; lastKnownFileType = sourcecode.swift; path = String.swift; sourceTree = "<group>"; };
		2FA53DF82907BE0D00BFB3E5 /* Colors.swift */ = {isa = PBXFileReference; fileEncoding = 4; lastKnownFileType = sourcecode.swift; path = Colors.swift; sourceTree = "<group>"; };
		2FA53DFA2907BE0D00BFB3E5 /* Font.swift */ = {isa = PBXFileReference; fileEncoding = 4; lastKnownFileType = sourcecode.swift; path = Font.swift; sourceTree = "<group>"; };
		2FA53DFB2907BE0D00BFB3E5 /* Color.swift */ = {isa = PBXFileReference; fileEncoding = 4; lastKnownFileType = sourcecode.swift; path = Color.swift; sourceTree = "<group>"; };
		2FA53DFF2907BE0D00BFB3E5 /* Radio.swift */ = {isa = PBXFileReference; fileEncoding = 4; lastKnownFileType = sourcecode.swift; path = Radio.swift; sourceTree = "<group>"; };
		2FA53E012907BE0D00BFB3E5 /* Card.swift */ = {isa = PBXFileReference; fileEncoding = 4; lastKnownFileType = sourcecode.swift; path = Card.swift; sourceTree = "<group>"; };
		2FA53E032907BE0D00BFB3E5 /* Loading.swift */ = {isa = PBXFileReference; fileEncoding = 4; lastKnownFileType = sourcecode.swift; path = Loading.swift; sourceTree = "<group>"; };
		2FA53E052907BE0D00BFB3E5 /* TextField.swift */ = {isa = PBXFileReference; fileEncoding = 4; lastKnownFileType = sourcecode.swift; path = TextField.swift; sourceTree = "<group>"; };
		2FA53E062907BE0D00BFB3E5 /* NumberField.swift */ = {isa = PBXFileReference; fileEncoding = 4; lastKnownFileType = sourcecode.swift; path = NumberField.swift; sourceTree = "<group>"; };
		2FA53E092907BE0D00BFB3E5 /* AvatarImage.swift */ = {isa = PBXFileReference; fileEncoding = 4; lastKnownFileType = sourcecode.swift; path = AvatarImage.swift; sourceTree = "<group>"; };
		2FA53E0B2907BE0D00BFB3E5 /* AsyncImage.swift */ = {isa = PBXFileReference; fileEncoding = 4; lastKnownFileType = sourcecode.swift; path = AsyncImage.swift; sourceTree = "<group>"; };
		2FA53E0D2907BE0D00BFB3E5 /* Image.swift */ = {isa = PBXFileReference; fileEncoding = 4; lastKnownFileType = sourcecode.swift; path = Image.swift; sourceTree = "<group>"; };
		2FA53E0F2907BE0D00BFB3E5 /* CircleImage.swift */ = {isa = PBXFileReference; fileEncoding = 4; lastKnownFileType = sourcecode.swift; path = CircleImage.swift; sourceTree = "<group>"; };
		2FA53E112907BE0D00BFB3E5 /* ElevatedButton.swift */ = {isa = PBXFileReference; fileEncoding = 4; lastKnownFileType = sourcecode.swift; path = ElevatedButton.swift; sourceTree = "<group>"; };
		2FA53E122907BE0D00BFB3E5 /* OutlinedCircleButton.swift */ = {isa = PBXFileReference; fileEncoding = 4; lastKnownFileType = sourcecode.swift; path = OutlinedCircleButton.swift; sourceTree = "<group>"; };
		2FA53E132907BE0D00BFB3E5 /* OutlinedButton.swift */ = {isa = PBXFileReference; fileEncoding = 4; lastKnownFileType = sourcecode.swift; path = OutlinedButton.swift; sourceTree = "<group>"; };
		2FA53E142907BE0D00BFB3E5 /* LinkButton.swift */ = {isa = PBXFileReference; fileEncoding = 4; lastKnownFileType = sourcecode.swift; path = LinkButton.swift; sourceTree = "<group>"; };
		2FA53E152907BE0D00BFB3E5 /* ImageButton.swift */ = {isa = PBXFileReference; fileEncoding = 4; lastKnownFileType = sourcecode.swift; path = ImageButton.swift; sourceTree = "<group>"; };
		2FA53E162907BE0D00BFB3E5 /* CircleButton.swift */ = {isa = PBXFileReference; fileEncoding = 4; lastKnownFileType = sourcecode.swift; path = CircleButton.swift; sourceTree = "<group>"; };
		2FA53E172907BE0D00BFB3E5 /* TextButton.swift */ = {isa = PBXFileReference; fileEncoding = 4; lastKnownFileType = sourcecode.swift; path = TextButton.swift; sourceTree = "<group>"; };
		2FA53E192907BE0D00BFB3E5 /* Link.swift */ = {isa = PBXFileReference; fileEncoding = 4; lastKnownFileType = sourcecode.swift; path = Link.swift; sourceTree = "<group>"; };
		2FA53E1A2907BE0D00BFB3E5 /* ElevatedLink.swift */ = {isa = PBXFileReference; fileEncoding = 4; lastKnownFileType = sourcecode.swift; path = ElevatedLink.swift; sourceTree = "<group>"; };
		2FA53E1C2907BE0D00BFB3E5 /* Divider.swift */ = {isa = PBXFileReference; fileEncoding = 4; lastKnownFileType = sourcecode.swift; path = Divider.swift; sourceTree = "<group>"; };
		2FA53E1E2907BE0D00BFB3E5 /* Headline1.swift */ = {isa = PBXFileReference; fileEncoding = 4; lastKnownFileType = sourcecode.swift; path = Headline1.swift; sourceTree = "<group>"; };
		2FA53E1F2907BE0D00BFB3E5 /* JosefineSans.swift */ = {isa = PBXFileReference; fileEncoding = 4; lastKnownFileType = sourcecode.swift; path = JosefineSans.swift; sourceTree = "<group>"; };
		2FA53E202907BE0D00BFB3E5 /* Rubik.swift */ = {isa = PBXFileReference; fileEncoding = 4; lastKnownFileType = sourcecode.swift; path = Rubik.swift; sourceTree = "<group>"; };
		2FA53E222907BE0D00BFB3E5 /* ProgressBar.swift */ = {isa = PBXFileReference; fileEncoding = 4; lastKnownFileType = sourcecode.swift; path = ProgressBar.swift; sourceTree = "<group>"; };
		2FA53E652907BE1900BFB3E5 /* Assets.xcassets */ = {isa = PBXFileReference; lastKnownFileType = folder.assetcatalog; name = Assets.xcassets; path = ../../Pururu/Pururu/Assets.xcassets; sourceTree = "<group>"; };
		2FA53E6E2907BF2900BFB3E5 /* Info.plist */ = {isa = PBXFileReference; fileEncoding = 4; lastKnownFileType = text.plist.xml; path = Info.plist; sourceTree = "<group>"; };
/* End PBXFileReference section */

/* Begin PBXFrameworksBuildPhase section */
		2FA53DAB2907BDF300BFB3E5 /* Frameworks */ = {
			isa = PBXFrameworksBuildPhase;
			buildActionMask = 2147483647;
			files = (
				2FA53E6B2907BE9300BFB3E5 /* FLAnimatedImage in Frameworks */,
			);
			runOnlyForDeploymentPostprocessing = 0;
		};
/* End PBXFrameworksBuildPhase section */

/* Begin PBXGroup section */
		2FA53DA52907BDF300BFB3E5 = {
			isa = PBXGroup;
			children = (
				2FA53DB02907BDF300BFB3E5 /* puru */,
				2FA53DAF2907BDF300BFB3E5 /* Products */,
			);
			sourceTree = "<group>";
		};
		2FA53DAF2907BDF300BFB3E5 /* Products */ = {
			isa = PBXGroup;
			children = (
				2FA53DAE2907BDF300BFB3E5 /* puru.app */,
			);
			name = Products;
			sourceTree = "<group>";
		};
		2FA53DB02907BDF300BFB3E5 /* puru */ = {
			isa = PBXGroup;
			children = (
				2FA53DD32907BE0D00BFB3E5 /* 1. Sprint 1 */,
				2FA53DFC2907BE0D00BFB3E5 /* Component */,
				2FA53E652907BE1900BFB3E5 /* Assets.xcassets */,
				2FA53E6E2907BF2900BFB3E5 /* Info.plist */,
				2FA53DF12907BE0D00BFB3E5 /* ContentView.swift */,
				2FA53DE62907BE0D00BFB3E5 /* Enum */,
				2FA53DF92907BE0D00BFB3E5 /* Extentions */,
				2FA53DEB2907BE0D00BFB3E5 /* GameViewController.swift */,
				2FA53DE12907BE0D00BFB3E5 /* Helpers */,
				2FA53DED2907BE0D00BFB3E5 /* Model */,
				2FA53DBF2907BE0C00BFB3E5 /* Sound */,
				2FA53DDD2907BE0D00BFB3E5 /* Typography */,
				2FA53DF22907BE0D00BFB3E5 /* Utils */,
				2FA53DC42907BE0D00BFB3E5 /* View */,
				2FA53DB12907BDF300BFB3E5 /* puruApp.swift */,
				2FA53DB72907BDF500BFB3E5 /* Preview Content */,
			);
			path = puru;
			sourceTree = "<group>";
		};
		2FA53DB72907BDF500BFB3E5 /* Preview Content */ = {
			isa = PBXGroup;
			children = (
				2FA53DB82907BDF500BFB3E5 /* Preview Assets.xcassets */,
			);
			path = "Preview Content";
			sourceTree = "<group>";
		};
		2FA53DBF2907BE0C00BFB3E5 /* Sound */ = {
			isa = PBXGroup;
			children = (
				2FA53DC02907BE0C00BFB3E5 /* Naration */,
				2FA53DC22907BE0C00BFB3E5 /* Backsound */,
			);
			path = Sound;
			sourceTree = "<group>";
		};
		2FA53DC02907BE0C00BFB3E5 /* Naration */ = {
			isa = PBXGroup;
			children = (
				2FA53DC12907BE0C00BFB3E5 /* narasi01.mp3 */,
			);
			path = Naration;
			sourceTree = "<group>";
		};
		2FA53DC22907BE0C00BFB3E5 /* Backsound */ = {
			isa = PBXGroup;
			children = (
				2FA53DC32907BE0C00BFB3E5 /* sadGusde.mp3 */,
			);
			path = Backsound;
			sourceTree = "<group>";
		};
		2FA53DC42907BE0D00BFB3E5 /* View */ = {
			isa = PBXGroup;
			children = (
				2FA53DC52907BE0D00BFB3E5 /* StorySummary */,
				2FA53DC72907BE0D00BFB3E5 /* Tutorial */,
				2FA53DC92907BE0D00BFB3E5 /* StoryList */,
				2FA53DCB2907BE0D00BFB3E5 /* Ending View */,
				2FA53DCD2907BE0D00BFB3E5 /* MainMenu */,
				2FA53DCF2907BE0D00BFB3E5 /* Story */,
				2FA53DD12907BE0D00BFB3E5 /* Help */,
			);
			path = View;
			sourceTree = "<group>";
		};
		2FA53DC52907BE0D00BFB3E5 /* StorySummary */ = {
			isa = PBXGroup;
			children = (
				2FA53DC62907BE0D00BFB3E5 /* StorySummaryView.swift */,
			);
			path = StorySummary;
			sourceTree = "<group>";
		};
		2FA53DC72907BE0D00BFB3E5 /* Tutorial */ = {
			isa = PBXGroup;
			children = (
				2FA53DC82907BE0D00BFB3E5 /* TutorialView.swift */,
			);
			path = Tutorial;
			sourceTree = "<group>";
		};
		2FA53DC92907BE0D00BFB3E5 /* StoryList */ = {
			isa = PBXGroup;
			children = (
				2FA53DCA2907BE0D00BFB3E5 /* StoryListView.swift */,
			);
			path = StoryList;
			sourceTree = "<group>";
		};
		2FA53DCB2907BE0D00BFB3E5 /* Ending View */ = {
			isa = PBXGroup;
			children = (
				2FA53DCC2907BE0D00BFB3E5 /* EndingView.swift */,
			);
			path = "Ending View";
			sourceTree = "<group>";
		};
		2FA53DCD2907BE0D00BFB3E5 /* MainMenu */ = {
			isa = PBXGroup;
			children = (
				2FA53DCE2907BE0D00BFB3E5 /* MainMenuView.swift */,
			);
			path = MainMenu;
			sourceTree = "<group>";
		};
		2FA53DCF2907BE0D00BFB3E5 /* Story */ = {
			isa = PBXGroup;
			children = (
				2FA53DD02907BE0D00BFB3E5 /* StoryView.swift */,
			);
			path = Story;
			sourceTree = "<group>";
		};
		2FA53DD12907BE0D00BFB3E5 /* Help */ = {
			isa = PBXGroup;
			children = (
				2FA53DD22907BE0D00BFB3E5 /* HelpView.swift */,
			);
			path = Help;
			sourceTree = "<group>";
		};
		2FA53DD32907BE0D00BFB3E5 /* 1. Sprint 1 */ = {
			isa = PBXGroup;
			children = (
				2FA53DD42907BE0D00BFB3E5 /* hand.zoom.gif */,
				2FA53DD52907BE0D00BFB3E5 /* smallTree.usdz */,
				2FA53DD62907BE0D00BFB3E5 /* simple-trees-collection.usdc */,
				2FA53DD72907BE0D00BFB3E5 /* hand.swipe.up.down.gif */,
				2FA53DD82907BE0D00BFB3E5 /* 3DAssetS1.scn */,
				2FA53DD92907BE0D00BFB3E5 /* Rock Texture.jpeg */,
				2FA53DDA2907BE0D00BFB3E5 /* hand.tap.gif */,
				2FA53DDB2907BE0D00BFB3E5 /* stars.jpg */,
				2FA53DDC2907BE0D00BFB3E5 /* hand.swipe.left.right.gif */,
			);
			path = "1. Sprint 1";
			sourceTree = "<group>";
		};
		2FA53DDD2907BE0D00BFB3E5 /* Typography */ = {
			isa = PBXGroup;
			children = (
				2FA53DDE2907BE0D00BFB3E5 /* Josefin sans */,
			);
			path = Typography;
			sourceTree = "<group>";
		};
		2FA53DDE2907BE0D00BFB3E5 /* Josefin sans */ = {
			isa = PBXGroup;
			children = (
				2FA53DDF2907BE0D00BFB3E5 /* JosefinSans.ttf */,
				2FA53DE02907BE0D00BFB3E5 /* Rubik.ttf */,
			);
			path = "Josefin sans";
			sourceTree = "<group>";
		};
		2FA53DE12907BE0D00BFB3E5 /* Helpers */ = {
			isa = PBXGroup;
			children = (
				2FA53DE22907BE0D00BFB3E5 /* Random.swift */,
				2FA53DE32907BE0D00BFB3E5 /* Binding.swift */,
				2FA53DE42907BE0D00BFB3E5 /* GifView.swift */,
				2FA53DE52907BE0D00BFB3E5 /* LiveData.swift */,
			);
			path = Helpers;
			sourceTree = "<group>";
		};
		2FA53DE62907BE0D00BFB3E5 /* Enum */ = {
			isa = PBXGroup;
			children = (
				2FA53DE72907BE0D00BFB3E5 /* StoryState.swift */,
				2FA53DE82907BE0D00BFB3E5 /* GestureType.swift */,
				2FA53DE92907BE0D00BFB3E5 /* URL.swift */,
				2FA53DEA2907BE0D00BFB3E5 /* ObjectType.swift */,
			);
			path = Enum;
			sourceTree = "<group>";
		};
		2FA53DED2907BE0D00BFB3E5 /* Model */ = {
			isa = PBXGroup;
			children = (
				2FA53DEE2907BE0D00BFB3E5 /* Instruction.swift */,
				2FA53DEF2907BE0D00BFB3E5 /* ObjectScene.swift */,
				2FA53DF02907BE0D00BFB3E5 /* StoryData.swift */,
			);
			path = Model;
			sourceTree = "<group>";
		};
		2FA53DF22907BE0D00BFB3E5 /* Utils */ = {
			isa = PBXGroup;
			children = (
				2FA53DF32907BE0D00BFB3E5 /* Constant.swift */,
				2FA53DF42907BE0D00BFB3E5 /* State.swift */,
				2FA53DF52907BE0D00BFB3E5 /* Scheme.swift */,
				2FA53DF62907BE0D00BFB3E5 /* Screen.swift */,
				2FA53DF72907BE0D00BFB3E5 /* String.swift */,
				2FA53DF82907BE0D00BFB3E5 /* Colors.swift */,
			);
			path = Utils;
			sourceTree = "<group>";
		};
		2FA53DF92907BE0D00BFB3E5 /* Extentions */ = {
			isa = PBXGroup;
			children = (
				2FA53DFA2907BE0D00BFB3E5 /* Font.swift */,
				2FA53DFB2907BE0D00BFB3E5 /* Color.swift */,
			);
			path = Extentions;
			sourceTree = "<group>";
		};
		2FA53DFC2907BE0D00BFB3E5 /* Component */ = {
			isa = PBXGroup;
			children = (
				2FA53DFD2907BE0D00BFB3E5 /* Atom */,
				2FA53E232907BE0D00BFB3E5 /* Organigram */,
			);
			path = Component;
			sourceTree = "<group>";
		};
		2FA53DFD2907BE0D00BFB3E5 /* Atom */ = {
			isa = PBXGroup;
			children = (
				2FA53DFE2907BE0D00BFB3E5 /* Radio */,
				2FA53E002907BE0D00BFB3E5 /* Card */,
				2FA53E022907BE0D00BFB3E5 /* Loading */,
				2FA53E042907BE0D00BFB3E5 /* Textfield */,
				2FA53E072907BE0D00BFB3E5 /* Image */,
				2FA53E102907BE0D00BFB3E5 /* Button */,
				2FA53E182907BE0D00BFB3E5 /* Link */,
				2FA53E1B2907BE0D00BFB3E5 /* Divider */,
				2FA53E1D2907BE0D00BFB3E5 /* Text */,
				2FA53E212907BE0D00BFB3E5 /* Progress Bar */,
			);
			path = Atom;
			sourceTree = "<group>";
		};
		2FA53DFE2907BE0D00BFB3E5 /* Radio */ = {
			isa = PBXGroup;
			children = (
				2FA53DFF2907BE0D00BFB3E5 /* Radio.swift */,
			);
			path = Radio;
			sourceTree = "<group>";
		};
		2FA53E002907BE0D00BFB3E5 /* Card */ = {
			isa = PBXGroup;
			children = (
				2FA53E012907BE0D00BFB3E5 /* Card.swift */,
			);
			path = Card;
			sourceTree = "<group>";
		};
		2FA53E022907BE0D00BFB3E5 /* Loading */ = {
			isa = PBXGroup;
			children = (
				2FA53E032907BE0D00BFB3E5 /* Loading.swift */,
			);
			path = Loading;
			sourceTree = "<group>";
		};
		2FA53E042907BE0D00BFB3E5 /* Textfield */ = {
			isa = PBXGroup;
			children = (
				2FA53E052907BE0D00BFB3E5 /* TextField.swift */,
				2FA53E062907BE0D00BFB3E5 /* NumberField.swift */,
			);
			path = Textfield;
			sourceTree = "<group>";
		};
		2FA53E072907BE0D00BFB3E5 /* Image */ = {
			isa = PBXGroup;
			children = (
				2FA53E082907BE0D00BFB3E5 /* AvatarImage */,
				2FA53E0A2907BE0D00BFB3E5 /* AsyncImage */,
				2FA53E0C2907BE0D00BFB3E5 /* Image */,
				2FA53E0E2907BE0D00BFB3E5 /* CircleImage */,
			);
			path = Image;
			sourceTree = "<group>";
		};
		2FA53E082907BE0D00BFB3E5 /* AvatarImage */ = {
			isa = PBXGroup;
			children = (
				2FA53E092907BE0D00BFB3E5 /* AvatarImage.swift */,
			);
			path = AvatarImage;
			sourceTree = "<group>";
		};
		2FA53E0A2907BE0D00BFB3E5 /* AsyncImage */ = {
			isa = PBXGroup;
			children = (
				2FA53E0B2907BE0D00BFB3E5 /* AsyncImage.swift */,
			);
			path = AsyncImage;
			sourceTree = "<group>";
		};
		2FA53E0C2907BE0D00BFB3E5 /* Image */ = {
			isa = PBXGroup;
			children = (
				2FA53E0D2907BE0D00BFB3E5 /* Image.swift */,
			);
			path = Image;
			sourceTree = "<group>";
		};
		2FA53E0E2907BE0D00BFB3E5 /* CircleImage */ = {
			isa = PBXGroup;
			children = (
				2FA53E0F2907BE0D00BFB3E5 /* CircleImage.swift */,
			);
			path = CircleImage;
			sourceTree = "<group>";
		};
		2FA53E102907BE0D00BFB3E5 /* Button */ = {
			isa = PBXGroup;
			children = (
				2FA53E112907BE0D00BFB3E5 /* ElevatedButton.swift */,
				2FA53E122907BE0D00BFB3E5 /* OutlinedCircleButton.swift */,
				2FA53E132907BE0D00BFB3E5 /* OutlinedButton.swift */,
				2FA53E142907BE0D00BFB3E5 /* LinkButton.swift */,
				2FA53E152907BE0D00BFB3E5 /* ImageButton.swift */,
				2FA53E162907BE0D00BFB3E5 /* CircleButton.swift */,
				2FA53E172907BE0D00BFB3E5 /* TextButton.swift */,
			);
			path = Button;
			sourceTree = "<group>";
		};
		2FA53E182907BE0D00BFB3E5 /* Link */ = {
			isa = PBXGroup;
			children = (
				2FA53E192907BE0D00BFB3E5 /* Link.swift */,
				2FA53E1A2907BE0D00BFB3E5 /* ElevatedLink.swift */,
			);
			path = Link;
			sourceTree = "<group>";
		};
		2FA53E1B2907BE0D00BFB3E5 /* Divider */ = {
			isa = PBXGroup;
			children = (
				2FA53E1C2907BE0D00BFB3E5 /* Divider.swift */,
			);
			path = Divider;
			sourceTree = "<group>";
		};
		2FA53E1D2907BE0D00BFB3E5 /* Text */ = {
			isa = PBXGroup;
			children = (
				2FA53E1E2907BE0D00BFB3E5 /* Headline1.swift */,
				2FA53E1F2907BE0D00BFB3E5 /* JosefineSans.swift */,
				2FA53E202907BE0D00BFB3E5 /* Rubik.swift */,
			);
			path = Text;
			sourceTree = "<group>";
		};
		2FA53E212907BE0D00BFB3E5 /* Progress Bar */ = {
			isa = PBXGroup;
			children = (
				2FA53E222907BE0D00BFB3E5 /* ProgressBar.swift */,
			);
			path = "Progress Bar";
			sourceTree = "<group>";
		};
		2FA53E232907BE0D00BFB3E5 /* Organigram */ = {
			isa = PBXGroup;
			children = (
			);
			path = Organigram;
			sourceTree = "<group>";
		};
/* End PBXGroup section */

/* Begin PBXNativeTarget section */
		2FA53DAD2907BDF300BFB3E5 /* puru */ = {
			isa = PBXNativeTarget;
			buildConfigurationList = 2FA53DBC2907BDF500BFB3E5 /* Build configuration list for PBXNativeTarget "puru" */;
			buildPhases = (
				2FA53DAA2907BDF300BFB3E5 /* Sources */,
				2FA53DAB2907BDF300BFB3E5 /* Frameworks */,
				2FA53DAC2907BDF300BFB3E5 /* Resources */,
			);
			buildRules = (
			);
			dependencies = (
			);
			name = puru;
			packageProductDependencies = (
				2FA53E6A2907BE9300BFB3E5 /* FLAnimatedImage */,
			);
			productName = puru;
			productReference = 2FA53DAE2907BDF300BFB3E5 /* puru.app */;
			productType = "com.apple.product-type.application";
		};
/* End PBXNativeTarget section */

/* Begin PBXProject section */
		2FA53DA62907BDF300BFB3E5 /* Project object */ = {
			isa = PBXProject;
			attributes = {
				BuildIndependentTargetsInParallel = 1;
				LastSwiftUpdateCheck = 1400;
				LastUpgradeCheck = 1400;
				TargetAttributes = {
					2FA53DAD2907BDF300BFB3E5 = {
						CreatedOnToolsVersion = 14.0.1;
					};
				};
			};
			buildConfigurationList = 2FA53DA92907BDF300BFB3E5 /* Build configuration list for PBXProject "puru" */;
			compatibilityVersion = "Xcode 14.0";
			developmentRegion = en;
			hasScannedForEncodings = 0;
			knownRegions = (
				en,
				Base,
			);
			mainGroup = 2FA53DA52907BDF300BFB3E5;
			packageReferences = (
				2FA53E692907BE9300BFB3E5 /* XCRemoteSwiftPackageReference "FLAnimatedImage" */,
			);
			productRefGroup = 2FA53DAF2907BDF300BFB3E5 /* Products */;
			projectDirPath = "";
			projectRoot = "";
			targets = (
				2FA53DAD2907BDF300BFB3E5 /* puru */,
			);
		};
/* End PBXProject section */

/* Begin PBXResourcesBuildPhase section */
		2FA53DAC2907BDF300BFB3E5 /* Resources */ = {
			isa = PBXResourcesBuildPhase;
			buildActionMask = 2147483647;
			files = (
				2FA53E242907BE0E00BFB3E5 /* narasi01.mp3 in Resources */,
				2FA53E372907BE0E00BFB3E5 /* Rubik.ttf in Resources */,
				2FA53E342907BE0E00BFB3E5 /* stars.jpg in Resources */,
				2FA53E332907BE0E00BFB3E5 /* hand.tap.gif in Resources */,
				2FA53E322907BE0E00BFB3E5 /* Rock Texture.jpeg in Resources */,
				2FA53E672907BE1900BFB3E5 /* Assets.xcassets in Resources */,
				2FA53DB92907BDF500BFB3E5 /* Preview Assets.xcassets in Resources */,
				2FA53E352907BE0E00BFB3E5 /* hand.swipe.left.right.gif in Resources */,
				2FA53E2F2907BE0E00BFB3E5 /* simple-trees-collection.usdc in Resources */,
				2FA53E252907BE0E00BFB3E5 /* sadGusde.mp3 in Resources */,
				2FA53E302907BE0E00BFB3E5 /* hand.swipe.up.down.gif in Resources */,
				2FA53E2E2907BE0E00BFB3E5 /* smallTree.usdz in Resources */,
				2FA53E312907BE0E00BFB3E5 /* 3DAssetS1.scn in Resources */,
				2FA53E362907BE0E00BFB3E5 /* JosefinSans.ttf in Resources */,
				2FA53E2D2907BE0E00BFB3E5 /* hand.zoom.gif in Resources */,
			);
			runOnlyForDeploymentPostprocessing = 0;
		};
/* End PBXResourcesBuildPhase section */

/* Begin PBXSourcesBuildPhase section */
		2FA53DAA2907BDF300BFB3E5 /* Sources */ = {
			isa = PBXSourcesBuildPhase;
			buildActionMask = 2147483647;
			files = (
				2FA53E522907BE0E00BFB3E5 /* NumberField.swift in Sources */,
				2FA53E272907BE0E00BFB3E5 /* TutorialView.swift in Sources */,
				2FA53E432907BE0E00BFB3E5 /* ObjectScene.swift in Sources */,
				2FA53E632907BE0E00BFB3E5 /* Rubik.swift in Sources */,
				2FA53E3A2907BE0E00BFB3E5 /* GifView.swift in Sources */,
				2FA53E4A2907BE0E00BFB3E5 /* String.swift in Sources */,
				2FA53E592907BE0E00BFB3E5 /* OutlinedButton.swift in Sources */,
				2FA53E542907BE0E00BFB3E5 /* AsyncImage.swift in Sources */,
				2FA53E582907BE0E00BFB3E5 /* OutlinedCircleButton.swift in Sources */,
				2FA53E492907BE0E00BFB3E5 /* Screen.swift in Sources */,
				2FA53E2A2907BE0E00BFB3E5 /* MainMenuView.swift in Sources */,
				2FA53E382907BE0E00BFB3E5 /* Random.swift in Sources */,
				2FA53E612907BE0E00BFB3E5 /* Headline1.swift in Sources */,
				2FA53E402907BE0E00BFB3E5 /* GameViewController.swift in Sources */,
				2FA53E4C2907BE0E00BFB3E5 /* Font.swift in Sources */,
				2FA53E392907BE0E00BFB3E5 /* Binding.swift in Sources */,
				2FA53E3C2907BE0E00BFB3E5 /* StoryState.swift in Sources */,
				2FA53E552907BE0E00BFB3E5 /* Image.swift in Sources */,
				2FA53E482907BE0E00BFB3E5 /* Scheme.swift in Sources */,
				2FA53E422907BE0E00BFB3E5 /* Instruction.swift in Sources */,
				2FA53E5E2907BE0E00BFB3E5 /* Link.swift in Sources */,
				2FA53E462907BE0E00BFB3E5 /* Constant.swift in Sources */,
				2FA53E5F2907BE0E00BFB3E5 /* ElevatedLink.swift in Sources */,
				2FA53E3E2907BE0E00BFB3E5 /* URL.swift in Sources */,
				2FA53E5A2907BE0E00BFB3E5 /* LinkButton.swift in Sources */,
				2FA53E442907BE0E00BFB3E5 /* StoryData.swift in Sources */,
				2FA53E642907BE0E00BFB3E5 /* ProgressBar.swift in Sources */,
				2FA53E452907BE0E00BFB3E5 /* ContentView.swift in Sources */,
				2FA53E572907BE0E00BFB3E5 /* ElevatedButton.swift in Sources */,
				2FA53E4B2907BE0E00BFB3E5 /* Colors.swift in Sources */,
				2FA53E4E2907BE0E00BFB3E5 /* Radio.swift in Sources */,
				2FA53E282907BE0E00BFB3E5 /* StoryListView.swift in Sources */,
				2FA53E532907BE0E00BFB3E5 /* AvatarImage.swift in Sources */,
				2FA53E3D2907BE0E00BFB3E5 /* GestureType.swift in Sources */,
				2FA53E622907BE0E00BFB3E5 /* JosefineSans.swift in Sources */,
				2FA53E5C2907BE0E00BFB3E5 /* CircleButton.swift in Sources */,
				2FA53E2C2907BE0E00BFB3E5 /* HelpView.swift in Sources */,
				2FA53E512907BE0E00BFB3E5 /* TextField.swift in Sources */,
				2FA53E262907BE0E00BFB3E5 /* StorySummaryView.swift in Sources */,
				2FA53E562907BE0E00BFB3E5 /* CircleImage.swift in Sources */,
				2FA53E4D2907BE0E00BFB3E5 /* Color.swift in Sources */,
				2FA53E602907BE0E00BFB3E5 /* Divider.swift in Sources */,
				2FA53E5D2907BE0E00BFB3E5 /* TextButton.swift in Sources */,
				2FA53E502907BE0E00BFB3E5 /* Loading.swift in Sources */,
				2FA53DB22907BDF300BFB3E5 /* puruApp.swift in Sources */,
				2FA53E3B2907BE0E00BFB3E5 /* LiveData.swift in Sources */,
				2FA53E2B2907BE0E00BFB3E5 /* StoryView.swift in Sources */,
				2FA53E5B2907BE0E00BFB3E5 /* ImageButton.swift in Sources */,
				2FA53E3F2907BE0E00BFB3E5 /* ObjectType.swift in Sources */,
				2FA53E292907BE0E00BFB3E5 /* EndingView.swift in Sources */,
				2FA53E472907BE0E00BFB3E5 /* State.swift in Sources */,
				2FA53E4F2907BE0E00BFB3E5 /* Card.swift in Sources */,
			);
			runOnlyForDeploymentPostprocessing = 0;
		};
/* End PBXSourcesBuildPhase section */

/* Begin XCBuildConfiguration section */
		2FA53DBA2907BDF500BFB3E5 /* Debug */ = {
			isa = XCBuildConfiguration;
			buildSettings = {
				ALWAYS_SEARCH_USER_PATHS = NO;
				CLANG_ANALYZER_NONNULL = YES;
				CLANG_ANALYZER_NUMBER_OBJECT_CONVERSION = YES_AGGRESSIVE;
				CLANG_CXX_LANGUAGE_STANDARD = "gnu++20";
				CLANG_ENABLE_MODULES = YES;
				CLANG_ENABLE_OBJC_ARC = YES;
				CLANG_ENABLE_OBJC_WEAK = YES;
				CLANG_WARN_BLOCK_CAPTURE_AUTORELEASING = YES;
				CLANG_WARN_BOOL_CONVERSION = YES;
				CLANG_WARN_COMMA = YES;
				CLANG_WARN_CONSTANT_CONVERSION = YES;
				CLANG_WARN_DEPRECATED_OBJC_IMPLEMENTATIONS = YES;
				CLANG_WARN_DIRECT_OBJC_ISA_USAGE = YES_ERROR;
				CLANG_WARN_DOCUMENTATION_COMMENTS = YES;
				CLANG_WARN_EMPTY_BODY = YES;
				CLANG_WARN_ENUM_CONVERSION = YES;
				CLANG_WARN_INFINITE_RECURSION = YES;
				CLANG_WARN_INT_CONVERSION = YES;
				CLANG_WARN_NON_LITERAL_NULL_CONVERSION = YES;
				CLANG_WARN_OBJC_IMPLICIT_RETAIN_SELF = YES;
				CLANG_WARN_OBJC_LITERAL_CONVERSION = YES;
				CLANG_WARN_OBJC_ROOT_CLASS = YES_ERROR;
				CLANG_WARN_QUOTED_INCLUDE_IN_FRAMEWORK_HEADER = YES;
				CLANG_WARN_RANGE_LOOP_ANALYSIS = YES;
				CLANG_WARN_STRICT_PROTOTYPES = YES;
				CLANG_WARN_SUSPICIOUS_MOVE = YES;
				CLANG_WARN_UNGUARDED_AVAILABILITY = YES_AGGRESSIVE;
				CLANG_WARN_UNREACHABLE_CODE = YES;
				CLANG_WARN__DUPLICATE_METHOD_MATCH = YES;
				COPY_PHASE_STRIP = NO;
				DEBUG_INFORMATION_FORMAT = dwarf;
				ENABLE_STRICT_OBJC_MSGSEND = YES;
				ENABLE_TESTABILITY = YES;
				GCC_C_LANGUAGE_STANDARD = gnu11;
				GCC_DYNAMIC_NO_PIC = NO;
				GCC_NO_COMMON_BLOCKS = YES;
				GCC_OPTIMIZATION_LEVEL = 0;
				GCC_PREPROCESSOR_DEFINITIONS = (
					"DEBUG=1",
					"$(inherited)",
				);
				GCC_WARN_64_TO_32_BIT_CONVERSION = YES;
				GCC_WARN_ABOUT_RETURN_TYPE = YES_ERROR;
				GCC_WARN_UNDECLARED_SELECTOR = YES;
				GCC_WARN_UNINITIALIZED_AUTOS = YES_AGGRESSIVE;
				GCC_WARN_UNUSED_FUNCTION = YES;
				GCC_WARN_UNUSED_VARIABLE = YES;
				IPHONEOS_DEPLOYMENT_TARGET = 16.0;
				MTL_ENABLE_DEBUG_INFO = INCLUDE_SOURCE;
				MTL_FAST_MATH = YES;
				ONLY_ACTIVE_ARCH = YES;
				SDKROOT = iphoneos;
				SWIFT_ACTIVE_COMPILATION_CONDITIONS = DEBUG;
				SWIFT_OPTIMIZATION_LEVEL = "-Onone";
			};
			name = Debug;
		};
		2FA53DBB2907BDF500BFB3E5 /* Release */ = {
			isa = XCBuildConfiguration;
			buildSettings = {
				ALWAYS_SEARCH_USER_PATHS = NO;
				CLANG_ANALYZER_NONNULL = YES;
				CLANG_ANALYZER_NUMBER_OBJECT_CONVERSION = YES_AGGRESSIVE;
				CLANG_CXX_LANGUAGE_STANDARD = "gnu++20";
				CLANG_ENABLE_MODULES = YES;
				CLANG_ENABLE_OBJC_ARC = YES;
				CLANG_ENABLE_OBJC_WEAK = YES;
				CLANG_WARN_BLOCK_CAPTURE_AUTORELEASING = YES;
				CLANG_WARN_BOOL_CONVERSION = YES;
				CLANG_WARN_COMMA = YES;
				CLANG_WARN_CONSTANT_CONVERSION = YES;
				CLANG_WARN_DEPRECATED_OBJC_IMPLEMENTATIONS = YES;
				CLANG_WARN_DIRECT_OBJC_ISA_USAGE = YES_ERROR;
				CLANG_WARN_DOCUMENTATION_COMMENTS = YES;
				CLANG_WARN_EMPTY_BODY = YES;
				CLANG_WARN_ENUM_CONVERSION = YES;
				CLANG_WARN_INFINITE_RECURSION = YES;
				CLANG_WARN_INT_CONVERSION = YES;
				CLANG_WARN_NON_LITERAL_NULL_CONVERSION = YES;
				CLANG_WARN_OBJC_IMPLICIT_RETAIN_SELF = YES;
				CLANG_WARN_OBJC_LITERAL_CONVERSION = YES;
				CLANG_WARN_OBJC_ROOT_CLASS = YES_ERROR;
				CLANG_WARN_QUOTED_INCLUDE_IN_FRAMEWORK_HEADER = YES;
				CLANG_WARN_RANGE_LOOP_ANALYSIS = YES;
				CLANG_WARN_STRICT_PROTOTYPES = YES;
				CLANG_WARN_SUSPICIOUS_MOVE = YES;
				CLANG_WARN_UNGUARDED_AVAILABILITY = YES_AGGRESSIVE;
				CLANG_WARN_UNREACHABLE_CODE = YES;
				CLANG_WARN__DUPLICATE_METHOD_MATCH = YES;
				COPY_PHASE_STRIP = NO;
				DEBUG_INFORMATION_FORMAT = "dwarf-with-dsym";
				ENABLE_NS_ASSERTIONS = NO;
				ENABLE_STRICT_OBJC_MSGSEND = YES;
				GCC_C_LANGUAGE_STANDARD = gnu11;
				GCC_NO_COMMON_BLOCKS = YES;
				GCC_WARN_64_TO_32_BIT_CONVERSION = YES;
				GCC_WARN_ABOUT_RETURN_TYPE = YES_ERROR;
				GCC_WARN_UNDECLARED_SELECTOR = YES;
				GCC_WARN_UNINITIALIZED_AUTOS = YES_AGGRESSIVE;
				GCC_WARN_UNUSED_FUNCTION = YES;
				GCC_WARN_UNUSED_VARIABLE = YES;
				IPHONEOS_DEPLOYMENT_TARGET = 16.0;
				MTL_ENABLE_DEBUG_INFO = NO;
				MTL_FAST_MATH = YES;
				SDKROOT = iphoneos;
				SWIFT_COMPILATION_MODE = wholemodule;
				SWIFT_OPTIMIZATION_LEVEL = "-O";
				VALIDATE_PRODUCT = YES;
			};
			name = Release;
		};
		2FA53DBD2907BDF500BFB3E5 /* Debug */ = {
			isa = XCBuildConfiguration;
			buildSettings = {
				ASSETCATALOG_COMPILER_APPICON_NAME = AppIcon;
				ASSETCATALOG_COMPILER_GLOBAL_ACCENT_COLOR_NAME = AccentColor;
				CODE_SIGN_STYLE = Automatic;
				CURRENT_PROJECT_VERSION = 1;
				DEVELOPMENT_ASSET_PATHS = "\"puru/Preview Content\"";
				DEVELOPMENT_TEAM = KZ9PN4535G;
				ENABLE_PREVIEWS = YES;
				GENERATE_INFOPLIST_FILE = YES;
				INFOPLIST_KEY_UIApplicationSceneManifest_Generation = YES;
				INFOPLIST_KEY_UIApplicationSupportsIndirectInputEvents = YES;
				INFOPLIST_KEY_UILaunchScreen_Generation = YES;
				INFOPLIST_KEY_UISupportedInterfaceOrientations_iPad = "UIInterfaceOrientationPortrait UIInterfaceOrientationPortraitUpsideDown UIInterfaceOrientationLandscapeLeft UIInterfaceOrientationLandscapeRight";
				INFOPLIST_KEY_UISupportedInterfaceOrientations_iPhone = "UIInterfaceOrientationPortrait UIInterfaceOrientationLandscapeLeft UIInterfaceOrientationLandscapeRight";
				LD_RUNPATH_SEARCH_PATHS = (
					"$(inherited)",
					"@executable_path/Frameworks",
				);
				MARKETING_VERSION = 1.0;
				PRODUCT_BUNDLE_IDENTIFIER = com.chapper.puru.puru;
				PRODUCT_NAME = "$(TARGET_NAME)";
				SWIFT_EMIT_LOC_STRINGS = YES;
				SWIFT_VERSION = 5.0;
				TARGETED_DEVICE_FAMILY = "1,2";
			};
			name = Debug;
		};
		2FA53DBE2907BDF500BFB3E5 /* Release */ = {
			isa = XCBuildConfiguration;
			buildSettings = {
				ASSETCATALOG_COMPILER_APPICON_NAME = AppIcon;
				ASSETCATALOG_COMPILER_GLOBAL_ACCENT_COLOR_NAME = AccentColor;
				CODE_SIGN_STYLE = Automatic;
				CURRENT_PROJECT_VERSION = 1;
				DEVELOPMENT_ASSET_PATHS = "\"puru/Preview Content\"";
				DEVELOPMENT_TEAM = KZ9PN4535G;
				ENABLE_PREVIEWS = YES;
				GENERATE_INFOPLIST_FILE = YES;
				INFOPLIST_KEY_UIApplicationSceneManifest_Generation = YES;
				INFOPLIST_KEY_UIApplicationSupportsIndirectInputEvents = YES;
				INFOPLIST_KEY_UILaunchScreen_Generation = YES;
				INFOPLIST_KEY_UISupportedInterfaceOrientations_iPad = "UIInterfaceOrientationPortrait UIInterfaceOrientationPortraitUpsideDown UIInterfaceOrientationLandscapeLeft UIInterfaceOrientationLandscapeRight";
				INFOPLIST_KEY_UISupportedInterfaceOrientations_iPhone = "UIInterfaceOrientationPortrait UIInterfaceOrientationLandscapeLeft UIInterfaceOrientationLandscapeRight";
				LD_RUNPATH_SEARCH_PATHS = (
					"$(inherited)",
					"@executable_path/Frameworks",
				);
				MARKETING_VERSION = 1.0;
				PRODUCT_BUNDLE_IDENTIFIER = com.chapper.puru.puru;
				PRODUCT_NAME = "$(TARGET_NAME)";
				SWIFT_EMIT_LOC_STRINGS = YES;
				SWIFT_VERSION = 5.0;
				TARGETED_DEVICE_FAMILY = "1,2";
			};
			name = Release;
		};
/* End XCBuildConfiguration section */

/* Begin XCConfigurationList section */
		2FA53DA92907BDF300BFB3E5 /* Build configuration list for PBXProject "puru" */ = {
			isa = XCConfigurationList;
			buildConfigurations = (
				2FA53DBA2907BDF500BFB3E5 /* Debug */,
				2FA53DBB2907BDF500BFB3E5 /* Release */,
			);
			defaultConfigurationIsVisible = 0;
			defaultConfigurationName = Release;
		};
		2FA53DBC2907BDF500BFB3E5 /* Build configuration list for PBXNativeTarget "puru" */ = {
			isa = XCConfigurationList;
			buildConfigurations = (
				2FA53DBD2907BDF500BFB3E5 /* Debug */,
				2FA53DBE2907BDF500BFB3E5 /* Release */,
			);
			defaultConfigurationIsVisible = 0;
			defaultConfigurationName = Release;
		};
/* End XCConfigurationList section */

/* Begin XCRemoteSwiftPackageReference section */
		2FA53E692907BE9300BFB3E5 /* XCRemoteSwiftPackageReference "FLAnimatedImage" */ = {
			isa = XCRemoteSwiftPackageReference;
			repositoryURL = "https://github.com/Flipboard/FLAnimatedImage";
			requirement = {
				branch = master;
				kind = branch;
			};
		};
/* End XCRemoteSwiftPackageReference section */

/* Begin XCSwiftPackageProductDependency section */
		2FA53E6A2907BE9300BFB3E5 /* FLAnimatedImage */ = {
			isa = XCSwiftPackageProductDependency;
			package = 2FA53E692907BE9300BFB3E5 /* XCRemoteSwiftPackageReference "FLAnimatedImage" */;
			productName = FLAnimatedImage;
		};
/* End XCSwiftPackageProductDependency section */
	};
	rootObject = 2FA53DA62907BDF300BFB3E5 /* Project object */;
}
